// !$*UTF8*$!
{
	archiveVersion = 1;
	classes = {
	};
	objectVersion = 50;
	objects = {

/* Begin PBXBuildFile section */
		215FE57322E0BA8E00B539C2 /* LaunchScreen.storyboard in Resources */ = {isa = PBXBuildFile; fileRef = 21F3D54E22DD0C8400A4DEF3 /* LaunchScreen.storyboard */; };
		215FE57822E0DE7200B539C2 /* DetailViewController.swift in Sources */ = {isa = PBXBuildFile; fileRef = 215FE57722E0DE7200B539C2 /* DetailViewController.swift */; };
		215FE57A22E1177C00B539C2 /* Image.imageset in Resources */ = {isa = PBXBuildFile; fileRef = 21F3D54C22DD0C8400A4DEF3 /* Image.imageset */; };
		215FE57C22E1188C00B539C2 /* Assets.xcassets in Resources */ = {isa = PBXBuildFile; fileRef = 215FE57B22E1188C00B539C2 /* Assets.xcassets */; };
		21F3D54622DD0C8100A4DEF3 /* AppDelegate.swift in Sources */ = {isa = PBXBuildFile; fileRef = 21F3D54522DD0C8100A4DEF3 /* AppDelegate.swift */; };
		21F3D54822DD0C8100A4DEF3 /* TableViewController.swift in Sources */ = {isa = PBXBuildFile; fileRef = 21F3D54722DD0C8100A4DEF3 /* TableViewController.swift */; };
		21F3D54B22DD0C8100A4DEF3 /* Main.storyboard in Resources */ = {isa = PBXBuildFile; fileRef = 21F3D54922DD0C8100A4DEF3 /* Main.storyboard */; };
		21F3D55922DD11DC00A4DEF3 /* UserTableViewCell.swift in Sources */ = {isa = PBXBuildFile; fileRef = 21F3D55822DD11DC00A4DEF3 /* UserTableViewCell.swift */; };
		21F3D55C22DD16A500A4DEF3 /* ContactInfo.swift in Sources */ = {isa = PBXBuildFile; fileRef = 21F3D55B22DD16A500A4DEF3 /* ContactInfo.swift */; };
/* End PBXBuildFile section */

/* Begin PBXFileReference section */
		215FE57722E0DE7200B539C2 /* DetailViewController.swift */ = {isa = PBXFileReference; lastKnownFileType = sourcecode.swift; path = DetailViewController.swift; sourceTree = "<group>"; };
		215FE57B22E1188C00B539C2 /* Assets.xcassets */ = {isa = PBXFileReference; lastKnownFileType = folder.assetcatalog; path = Assets.xcassets; sourceTree = "<group>"; };
		21F3D54222DD0C8100A4DEF3 /* ContactList.app */ = {isa = PBXFileReference; explicitFileType = wrapper.application; includeInIndex = 0; path = ContactList.app; sourceTree = BUILT_PRODUCTS_DIR; };
		21F3D54522DD0C8100A4DEF3 /* AppDelegate.swift */ = {isa = PBXFileReference; lastKnownFileType = sourcecode.swift; path = AppDelegate.swift; sourceTree = "<group>"; };
		21F3D54722DD0C8100A4DEF3 /* TableViewController.swift */ = {isa = PBXFileReference; lastKnownFileType = sourcecode.swift; path = TableViewController.swift; sourceTree = "<group>"; };
		21F3D54A22DD0C8100A4DEF3 /* Base */ = {isa = PBXFileReference; lastKnownFileType = file.storyboard; name = Base; path = Base.lproj/Main.storyboard; sourceTree = "<group>"; };
		21F3D54C22DD0C8400A4DEF3 /* Image.imageset */ = {isa = PBXFileReference; lastKnownFileType = folder; name = Image.imageset; path = Assets.xcassets/Image.imageset; sourceTree = "<group>"; };
		21F3D54F22DD0C8400A4DEF3 /* Base */ = {isa = PBXFileReference; lastKnownFileType = file.storyboard; name = Base; path = Base.lproj/LaunchScreen.storyboard; sourceTree = "<group>"; };
		21F3D55122DD0C8400A4DEF3 /* Info.plist */ = {isa = PBXFileReference; lastKnownFileType = text.plist.xml; path = Info.plist; sourceTree = "<group>"; };
		21F3D55822DD11DC00A4DEF3 /* UserTableViewCell.swift */ = {isa = PBXFileReference; lastKnownFileType = sourcecode.swift; path = UserTableViewCell.swift; sourceTree = "<group>"; };
		21F3D55B22DD16A500A4DEF3 /* ContactInfo.swift */ = {isa = PBXFileReference; lastKnownFileType = sourcecode.swift; path = ContactInfo.swift; sourceTree = "<group>"; };
/* End PBXFileReference section */

/* Begin PBXFrameworksBuildPhase section */
		21F3D53F22DD0C8100A4DEF3 /* Frameworks */ = {
			isa = PBXFrameworksBuildPhase;
			buildActionMask = 2147483647;
			files = (
			);
			runOnlyForDeploymentPostprocessing = 0;
		};
/* End PBXFrameworksBuildPhase section */

/* Begin PBXGroup section */
		21F3D53922DD0C8100A4DEF3 = {
			isa = PBXGroup;
			children = (
				21F3D55A22DD15E600A4DEF3 /* Models */,
				21F3D55722DD10D400A4DEF3 /* Cells */,
				21F3D54422DD0C8100A4DEF3 /* ContactList */,
				21F3D54322DD0C8100A4DEF3 /* Products */,
			);
			sourceTree = "<group>";
		};
		21F3D54322DD0C8100A4DEF3 /* Products */ = {
			isa = PBXGroup;
			children = (
				21F3D54222DD0C8100A4DEF3 /* ContactList.app */,
			);
			name = Products;
			sourceTree = "<group>";
		};
		21F3D54422DD0C8100A4DEF3 /* ContactList */ = {
			isa = PBXGroup;
			children = (
				21F3D54522DD0C8100A4DEF3 /* AppDelegate.swift */,
				21F3D54722DD0C8100A4DEF3 /* TableViewController.swift */,
				21F3D54922DD0C8100A4DEF3 /* Main.storyboard */,
				21F3D54C22DD0C8400A4DEF3 /* Image.imageset */,
				21F3D54E22DD0C8400A4DEF3 /* LaunchScreen.storyboard */,
				21F3D55122DD0C8400A4DEF3 /* Info.plist */,
				215FE57722E0DE7200B539C2 /* DetailViewController.swift */,
				215FE57B22E1188C00B539C2 /* Assets.xcassets */,
			);
			path = ContactList;
			sourceTree = "<group>";
		};
		21F3D55722DD10D400A4DEF3 /* Cells */ = {
			isa = PBXGroup;
			children = (
				21F3D55822DD11DC00A4DEF3 /* UserTableViewCell.swift */,
			);
			path = Cells;
			sourceTree = "<group>";
		};
		21F3D55A22DD15E600A4DEF3 /* Models */ = {
			isa = PBXGroup;
			children = (
				21F3D55B22DD16A500A4DEF3 /* ContactInfo.swift */,
			);
			path = Models;
			sourceTree = "<group>";
		};
/* End PBXGroup section */

/* Begin PBXNativeTarget section */
		21F3D54122DD0C8100A4DEF3 /* ContactList */ = {
			isa = PBXNativeTarget;
			buildConfigurationList = 21F3D55422DD0C8400A4DEF3 /* Build configuration list for PBXNativeTarget "ContactList" */;
			buildPhases = (
				21F3D53E22DD0C8100A4DEF3 /* Sources */,
				21F3D53F22DD0C8100A4DEF3 /* Frameworks */,
				21F3D54022DD0C8100A4DEF3 /* Resources */,
			);
			buildRules = (
			);
			dependencies = (
			);
			name = ContactList;
			productName = ContactList;
			productReference = 21F3D54222DD0C8100A4DEF3 /* ContactList.app */;
			productType = "com.apple.product-type.application";
		};
/* End PBXNativeTarget section */

/* Begin PBXProject section */
		21F3D53A22DD0C8100A4DEF3 /* Project object */ = {
			isa = PBXProject;
			attributes = {
				LastSwiftUpdateCheck = 1020;
				LastUpgradeCheck = 1020;
				ORGANIZATIONNAME = Faisal;
				TargetAttributes = {
					21F3D54122DD0C8100A4DEF3 = {
						CreatedOnToolsVersion = 10.2.1;
					};
				};
			};
			buildConfigurationList = 21F3D53D22DD0C8100A4DEF3 /* Build configuration list for PBXProject "ContactList" */;
			compatibilityVersion = "Xcode 9.3";
			developmentRegion = en;
			hasScannedForEncodings = 0;
			knownRegions = (
				en,
				Base,
			);
			mainGroup = 21F3D53922DD0C8100A4DEF3;
			productRefGroup = 21F3D54322DD0C8100A4DEF3 /* Products */;
			projectDirPath = "";
			projectRoot = "";
			targets = (
				21F3D54122DD0C8100A4DEF3 /* ContactList */,
			);
		};
/* End PBXProject section */

/* Begin PBXResourcesBuildPhase section */
		21F3D54022DD0C8100A4DEF3 /* Resources */ = {
			isa = PBXResourcesBuildPhase;
			buildActionMask = 2147483647;
			files = (
				215FE57322E0BA8E00B539C2 /* LaunchScreen.storyboard in Resources */,
				215FE57A22E1177C00B539C2 /* Image.imageset in Resources */,
				215FE57C22E1188C00B539C2 /* Assets.xcassets in Resources */,
				21F3D54B22DD0C8100A4DEF3 /* Main.storyboard in Resources */,
			);
			runOnlyForDeploymentPostprocessing = 0;
		};
/* End PBXResourcesBuildPhase section */

/* Begin PBXSourcesBuildPhase section */
		21F3D53E22DD0C8100A4DEF3 /* Sources */ = {
			isa = PBXSourcesBuildPhase;
			buildActionMask = 2147483647;
			files = (
				21F3D55C22DD16A500A4DEF3 /* ContactInfo.swift in Sources */,
				21F3D54822DD0C8100A4DEF3 /* TableViewController.swift in Sources */,
				215FE57822E0DE7200B539C2 /* DetailViewController.swift in Sources */,
				21F3D55922DD11DC00A4DEF3 /* UserTableViewCell.swift in Sources */,
				21F3D54622DD0C8100A4DEF3 /* AppDelegate.swift in Sources */,
			);
			runOnlyForDeploymentPostprocessing = 0;
		};
/* End PBXSourcesBuildPhase section */

/* Begin PBXVariantGroup section */
		21F3D54922DD0C8100A4DEF3 /* Main.storyboard */ = {
			isa = PBXVariantGroup;
			children = (
				21F3D54A22DD0C8100A4DEF3 /* Base */,
			);
			name = Main.storyboard;
			sourceTree = "<group>";
		};
		21F3D54E22DD0C8400A4DEF3 /* LaunchScreen.storyboard */ = {
			isa = PBXVariantGroup;
			children = (
				21F3D54F22DD0C8400A4DEF3 /* Base */,
			);
			name = LaunchScreen.storyboard;
			sourceTree = "<group>";
		};
/* End PBXVariantGroup section */

/* Begin XCBuildConfiguration section */
		21F3D55222DD0C8400A4DEF3 /* Debug */ = {
			isa = XCBuildConfiguration;
			buildSettings = {
				ALWAYS_SEARCH_USER_PATHS = NO;
				CLANG_ANALYZER_NONNULL = YES;
				CLANG_ANALYZER_NUMBER_OBJECT_CONVERSION = YES_AGGRESSIVE;
				CLANG_CXX_LANGUAGE_STANDARD = "gnu++14";
				CLANG_CXX_LIBRARY = "libc++";
				CLANG_ENABLE_MODULES = YES;
				CLANG_ENABLE_OBJC_ARC = YES;
				CLANG_ENABLE_OBJC_WEAK = YES;
				CLANG_WARN_BLOCK_CAPTURE_AUTORELEASING = YES;
				CLANG_WARN_BOOL_CONVERSION = YES;
				CLANG_WARN_COMMA = YES;
				CLANG_WARN_CONSTANT_CONVERSION = YES;
				CLANG_WARN_DEPRECATED_OBJC_IMPLEMENTATIONS = YES;
				CLANG_WARN_DIRECT_OBJC_ISA_USAGE = YES_ERROR;
				CLANG_WARN_DOCUMENTATION_COMMENTS = YES;
				CLANG_WARN_EMPTY_BODY = YES;
				CLANG_WARN_ENUM_CONVERSION = YES;
				CLANG_WARN_INFINITE_RECURSION = YES;
				CLANG_WARN_INT_CONVERSION = YES;
				CLANG_WARN_NON_LITERAL_NULL_CONVERSION = YES;
				CLANG_WARN_OBJC_IMPLICIT_RETAIN_SELF = YES;
				CLANG_WARN_OBJC_LITERAL_CONVERSION = YES;
				CLANG_WARN_OBJC_ROOT_CLASS = YES_ERROR;
				CLANG_WARN_RANGE_LOOP_ANALYSIS = YES;
				CLANG_WARN_STRICT_PROTOTYPES = YES;
				CLANG_WARN_SUSPICIOUS_MOVE = YES;
				CLANG_WARN_UNGUARDED_AVAILABILITY = YES_AGGRESSIVE;
				CLANG_WARN_UNREACHABLE_CODE = YES;
				CLANG_WARN__DUPLICATE_METHOD_MATCH = YES;
				CODE_SIGN_IDENTITY = "iPhone Developer";
				COPY_PHASE_STRIP = NO;
				DEBUG_INFORMATION_FORMAT = dwarf;
				ENABLE_STRICT_OBJC_MSGSEND = YES;
				ENABLE_TESTABILITY = YES;
				GCC_C_LANGUAGE_STANDARD = gnu11;
				GCC_DYNAMIC_NO_PIC = NO;
				GCC_NO_COMMON_BLOCKS = YES;
				GCC_OPTIMIZATION_LEVEL = 0;
				GCC_PREPROCESSOR_DEFINITIONS = (
					"DEBUG=1",
					"$(inherited)",
				);
				GCC_WARN_64_TO_32_BIT_CONVERSION = YES;
				GCC_WARN_ABOUT_RETURN_TYPE = YES_ERROR;
				GCC_WARN_UNDECLARED_SELECTOR = YES;
				GCC_WARN_UNINITIALIZED_AUTOS = YES_AGGRESSIVE;
				GCC_WARN_UNUSED_FUNCTION = YES;
				GCC_WARN_UNUSED_VARIABLE = YES;
				IPHONEOS_DEPLOYMENT_TARGET = 12.2;
				MTL_ENABLE_DEBUG_INFO = INCLUDE_SOURCE;
				MTL_FAST_MATH = YES;
				ONLY_ACTIVE_ARCH = YES;
				SDKROOT = iphoneos;
				SWIFT_ACTIVE_COMPILATION_CONDITIONS = DEBUG;
				SWIFT_OPTIMIZATION_LEVEL = "-Onone";
			};
			name = Debug;
		};
		21F3D55322DD0C8400A4DEF3 /* Release */ = {
			isa = XCBuildConfiguration;
			buildSettings = {
				ALWAYS_SEARCH_USER_PATHS = NO;
				CLANG_ANALYZER_NONNULL = YES;
				CLANG_ANALYZER_NUMBER_OBJECT_CONVERSION = YES_AGGRESSIVE;
				CLANG_CXX_LANGUAGE_STANDARD = "gnu++14";
				CLANG_CXX_LIBRARY = "libc++";
				CLANG_ENABLE_MODULES = YES;
				CLANG_ENABLE_OBJC_ARC = YES;
				CLANG_ENABLE_OBJC_WEAK = YES;
				CLANG_WARN_BLOCK_CAPTURE_AUTORELEASING = YES;
				CLANG_WARN_BOOL_CONVERSION = YES;
				CLANG_WARN_COMMA = YES;
				CLANG_WARN_CONSTANT_CONVERSION = YES;
				CLANG_WARN_DEPRECATED_OBJC_IMPLEMENTATIONS = YES;
				CLANG_WARN_DIRECT_OBJC_ISA_USAGE = YES_ERROR;
				CLANG_WARN_DOCUMENTATION_COMMENTS = YES;
				CLANG_WARN_EMPTY_BODY = YES;
				CLANG_WARN_ENUM_CONVERSION = YES;
				CLANG_WARN_INFINITE_RECURSION = YES;
				CLANG_WARN_INT_CONVERSION = YES;
				CLANG_WARN_NON_LITERAL_NULL_CONVERSION = YES;
				CLANG_WARN_OBJC_IMPLICIT_RETAIN_SELF = YES;
				CLANG_WARN_OBJC_LITERAL_CONVERSION = YES;
				CLANG_WARN_OBJC_ROOT_CLASS = YES_ERROR;
				CLANG_WARN_RANGE_LOOP_ANALYSIS = YES;
				CLANG_WARN_STRICT_PROTOTYPES = YES;
				CLANG_WARN_SUSPICIOUS_MOVE = YES;
				CLANG_WARN_UNGUARDED_AVAILABILITY = YES_AGGRESSIVE;
				CLANG_WARN_UNREACHABLE_CODE = YES;
				CLANG_WARN__DUPLICATE_METHOD_MATCH = YES;
				CODE_SIGN_IDENTITY = "iPhone Developer";
				COPY_PHASE_STRIP = NO;
				DEBUG_INFORMATION_FORMAT = "dwarf-with-dsym";
				ENABLE_NS_ASSERTIONS = NO;
				ENABLE_STRICT_OBJC_MSGSEND = YES;
				GCC_C_LANGUAGE_STANDARD = gnu11;
				GCC_NO_COMMON_BLOCKS = YES;
				GCC_WARN_64_TO_32_BIT_CONVERSION = YES;
				GCC_WARN_ABOUT_RETURN_TYPE = YES_ERROR;
				GCC_WARN_UNDECLARED_SELECTOR = YES;
				GCC_WARN_UNINITIALIZED_AUTOS = YES_AGGRESSIVE;
				GCC_WARN_UNUSED_FUNCTION = YES;
				GCC_WARN_UNUSED_VARIABLE = YES;
				IPHONEOS_DEPLOYMENT_TARGET = 12.2;
				MTL_ENABLE_DEBUG_INFO = NO;
				MTL_FAST_MATH = YES;
				SDKROOT = iphoneos;
				SWIFT_COMPILATION_MODE = wholemodule;
				SWIFT_OPTIMIZATION_LEVEL = "-O";
				VALIDATE_PRODUCT = YES;
			};
			name = Release;
		};
		21F3D55522DD0C8400A4DEF3 /* Debug */ = {
			isa = XCBuildConfiguration;
			buildSettings = {
				CODE_SIGN_STYLE = Automatic;
				INFOPLIST_FILE = ContactList/Info.plist;
				LD_RUNPATH_SEARCH_PATHS = (
					"$(inherited)",
					"@executable_path/Frameworks",
				);
				PRODUCT_BUNDLE_IDENTIFIER = fr.epita.ContactList;
				PRODUCT_NAME = "$(TARGET_NAME)";
				SWIFT_VERSION = 5.0;
				TARGETED_DEVICE_FAMILY = "1,2";
			};
			name = Debug;
		};
		21F3D55622DD0C8400A4DEF3 /* Release */ = {
			isa = XCBuildConfiguration;
			buildSettings = {
				CODE_SIGN_STYLE = Automatic;
				INFOPLIST_FILE = ContactList/Info.plist;
				LD_RUNPATH_SEARCH_PATHS = (
					"$(inherited)",
					"@executable_path/Frameworks",
				);
				PRODUCT_BUNDLE_IDENTIFIER = fr.epita.ContactList;
				PRODUCT_NAME = "$(TARGET_NAME)";
				SWIFT_VERSION = 5.0;
				TARGETED_DEVICE_FAMILY = "1,2";
			};
			name = Release;
		};
/* End XCBuildConfiguration section */

/* Begin XCConfigurationList section */
		21F3D53D22DD0C8100A4DEF3 /* Build configuration list for PBXProject "ContactList" */ = {
			isa = XCConfigurationList;
			buildConfigurations = (
				21F3D55222DD0C8400A4DEF3 /* Debug */,
				21F3D55322DD0C8400A4DEF3 /* Release */,
			);
			defaultConfigurationIsVisible = 0;
			defaultConfigurationName = Release;
		};
		21F3D55422DD0C8400A4DEF3 /* Build configuration list for PBXNativeTarget "ContactList" */ = {
			isa = XCConfigurationList;
			buildConfigurations = (
				21F3D55522DD0C8400A4DEF3 /* Debug */,
				21F3D55622DD0C8400A4DEF3 /* Release */,
			);
			defaultConfigurationIsVisible = 0;
			defaultConfigurationName = Release;
		};
/* End XCConfigurationList section */
	};
	rootObject = 21F3D53A22DD0C8100A4DEF3 /* Project object */;
}
